
Microsoft Visual Studio Solution File, Format Version 12.00
# Visual Studio 15
VisualStudioVersion = 15.0.28307.329
MinimumVisualStudioVersion = 10.0.40219.1
Project("{9A19103F-16F7-4668-BE54-9A1E7A4F7556}") = "Robot", "Robot\Robot.csproj", "{4C5154E5-AA4A-4B6C-91B0-A73870499CD0}"
EndProject
Project("{9A19103F-16F7-4668-BE54-9A1E7A4F7556}") = "Robot.Tests", "Robot.Tests\Robot.Tests.csproj", "{1C061063-BD5D-4C8C-A205-3E5D4EB51C1A}"
EndProject
Global
	GlobalSection(SolutionConfigurationPlatforms) = preSolution
		Debug|Any CPU = Debug|Any CPU
		Release|Any CPU = Release|Any CPU
	EndGlobalSection
	GlobalSection(ProjectConfigurationPlatforms) = postSolution
		{4C5154E5-AA4A-4B6C-91B0-A73870499CD0}.Debug|Any CPU.ActiveCfg = Debug|Any CPU
		{4C5154E5-AA4A-4B6C-91B0-A73870499CD0}.Debug|Any CPU.Build.0 = Debug|Any CPU
		{4C5154E5-AA4A-4B6C-91B0-A73870499CD0}.Release|Any CPU.ActiveCfg = Release|Any CPU
		{4C5154E5-AA4A-4B6C-91B0-A73870499CD0}.Release|Any CPU.Build.0 = Release|Any CPU
		{1C061063-BD5D-4C8C-A205-3E5D4EB51C1A}.Debug|Any CPU.ActiveCfg = Debug|Any CPU
		{1C061063-BD5D-4C8C-A205-3E5D4EB51C1A}.Debug|Any CPU.Build.0 = Debug|Any CPU
		{1C061063-BD5D-4C8C-A205-3E5D4EB51C1A}.Release|Any CPU.ActiveCfg = Release|Any CPU
		{1C061063-BD5D-4C8C-A205-3E5D4EB51C1A}.Release|Any CPU.Build.0 = Release|Any CPU
	EndGlobalSection
	GlobalSection(SolutionProperties) = preSolution
		HideSolutionNode = FALSE
	EndGlobalSection
	GlobalSection(ExtensibilityGlobals) = postSolution
		SolutionGuid = {AD2CA001-7AE5-4004-93EA-7956E5D2C29B}
	EndGlobalSection
EndGlobal
